// !$*UTF8*$!
{
	archiveVersion = 1;
	classes = {
	};
	objectVersion = 48;
	objects = {

/* Begin PBXBuildFile section */
		BF784595218C30F0003C60BC /* AppDelegate.swift in Sources */ = {isa = PBXBuildFile; fileRef = BF784594218C30F0003C60BC /* AppDelegate.swift */; };
		BF784597218C30F0003C60BC /* ViewController.swift in Sources */ = {isa = PBXBuildFile; fileRef = BF784596218C30F0003C60BC /* ViewController.swift */; };
		BF78459A218C30F0003C60BC /* Main.storyboard in Resources */ = {isa = PBXBuildFile; fileRef = BF784598218C30F0003C60BC /* Main.storyboard */; };
		BF78459D218C30F0003C60BC /* Radio_Rodja.xcdatamodeld in Sources */ = {isa = PBXBuildFile; fileRef = BF78459B218C30F0003C60BC /* Radio_Rodja.xcdatamodeld */; };
		BF78459F218C30F0003C60BC /* Assets.xcassets in Resources */ = {isa = PBXBuildFile; fileRef = BF78459E218C30F0003C60BC /* Assets.xcassets */; };
		BF7845A2218C30F0003C60BC /* LaunchScreen.storyboard in Resources */ = {isa = PBXBuildFile; fileRef = BF7845A0218C30F0003C60BC /* LaunchScreen.storyboard */; };
/* End PBXBuildFile section */

/* Begin PBXFileReference section */
		BF784591218C30F0003C60BC /* Radio Rodja.app */ = {isa = PBXFileReference; explicitFileType = wrapper.application; includeInIndex = 0; path = "Radio Rodja.app"; sourceTree = BUILT_PRODUCTS_DIR; };
		BF784594218C30F0003C60BC /* AppDelegate.swift */ = {isa = PBXFileReference; lastKnownFileType = sourcecode.swift; path = AppDelegate.swift; sourceTree = "<group>"; };
		BF784596218C30F0003C60BC /* ViewController.swift */ = {isa = PBXFileReference; lastKnownFileType = sourcecode.swift; path = ViewController.swift; sourceTree = "<group>"; };
		BF784599218C30F0003C60BC /* Base */ = {isa = PBXFileReference; lastKnownFileType = file.storyboard; name = Base; path = Base.lproj/Main.storyboard; sourceTree = "<group>"; };
		BF78459C218C30F0003C60BC /* Radio_Rodja.xcdatamodel */ = {isa = PBXFileReference; lastKnownFileType = wrapper.xcdatamodel; path = Radio_Rodja.xcdatamodel; sourceTree = "<group>"; };
		BF78459E218C30F0003C60BC /* Assets.xcassets */ = {isa = PBXFileReference; lastKnownFileType = folder.assetcatalog; path = Assets.xcassets; sourceTree = "<group>"; };
		BF7845A1218C30F0003C60BC /* Base */ = {isa = PBXFileReference; lastKnownFileType = file.storyboard; name = Base; path = Base.lproj/LaunchScreen.storyboard; sourceTree = "<group>"; };
		BF7845A3218C30F0003C60BC /* Info.plist */ = {isa = PBXFileReference; lastKnownFileType = text.plist.xml; path = Info.plist; sourceTree = "<group>"; };
/* End PBXFileReference section */

/* Begin PBXFrameworksBuildPhase section */
		BF78458E218C30F0003C60BC /* Frameworks */ = {
			isa = PBXFrameworksBuildPhase;
			buildActionMask = 2147483647;
			files = (
			);
			runOnlyForDeploymentPostprocessing = 0;
		};
/* End PBXFrameworksBuildPhase section */

/* Begin PBXGroup section */
		BF784588218C30F0003C60BC = {
			isa = PBXGroup;
			children = (
				BF784593218C30F0003C60BC /* Radio Rodja */,
				BF784592218C30F0003C60BC /* Products */,
			);
			sourceTree = "<group>";
		};
		BF784592218C30F0003C60BC /* Products */ = {
			isa = PBXGroup;
			children = (
				BF784591218C30F0003C60BC /* Radio Rodja.app */,
			);
			name = Products;
			sourceTree = "<group>";
		};
		BF784593218C30F0003C60BC /* Radio Rodja */ = {
			isa = PBXGroup;
			children = (
				BF784594218C30F0003C60BC /* AppDelegate.swift */,
				BF784596218C30F0003C60BC /* ViewController.swift */,
				BF784598218C30F0003C60BC /* Main.storyboard */,
				BF78459E218C30F0003C60BC /* Assets.xcassets */,
				BF7845A0218C30F0003C60BC /* LaunchScreen.storyboard */,
				BF7845A3218C30F0003C60BC /* Info.plist */,
				BF78459B218C30F0003C60BC /* Radio_Rodja.xcdatamodeld */,
			);
			path = "Radio Rodja";
			sourceTree = "<group>";
		};
/* End PBXGroup section */

/* Begin PBXNativeTarget section */
		BF784590218C30F0003C60BC /* Radio Rodja */ = {
			isa = PBXNativeTarget;
			buildConfigurationList = BF7845A6218C30F0003C60BC /* Build configuration list for PBXNativeTarget "Radio Rodja" */;
			buildPhases = (
				BF78458D218C30F0003C60BC /* Sources */,
				BF78458E218C30F0003C60BC /* Frameworks */,
				BF78458F218C30F0003C60BC /* Resources */,
			);
			buildRules = (
			);
			dependencies = (
			);
			name = "Radio Rodja";
			productName = "Radio Rodja";
			productReference = BF784591218C30F0003C60BC /* Radio Rodja.app */;
			productType = "com.apple.product-type.application";
		};
/* End PBXNativeTarget section */

/* Begin PBXProject section */
		BF784589218C30F0003C60BC /* Project object */ = {
			isa = PBXProject;
			attributes = {
				LastSwiftUpdateCheck = 0920;
				LastUpgradeCheck = 0920;
				ORGANIZATIONNAME = Syams.org;
				TargetAttributes = {
					BF784590218C30F0003C60BC = {
						CreatedOnToolsVersion = 9.2;
						ProvisioningStyle = Automatic;
					};
				};
			};
			buildConfigurationList = BF78458C218C30F0003C60BC /* Build configuration list for PBXProject "Radio Rodja" */;
			compatibilityVersion = "Xcode 8.0";
			developmentRegion = en;
			hasScannedForEncodings = 0;
			knownRegions = (
				en,
				Base,
			);
			mainGroup = BF784588218C30F0003C60BC;
			productRefGroup = BF784592218C30F0003C60BC /* Products */;
			projectDirPath = "";
			projectRoot = "";
			targets = (
				BF784590218C30F0003C60BC /* Radio Rodja */,
			);
		};
/* End PBXProject section */

/* Begin PBXResourcesBuildPhase section */
		BF78458F218C30F0003C60BC /* Resources */ = {
			isa = PBXResourcesBuildPhase;
			buildActionMask = 2147483647;
			files = (
				BF7845A2218C30F0003C60BC /* LaunchScreen.storyboard in Resources */,
				BF78459F218C30F0003C60BC /* Assets.xcassets in Resources */,
				BF78459A218C30F0003C60BC /* Main.storyboard in Resources */,
			);
			runOnlyForDeploymentPostprocessing = 0;
		};
/* End PBXResourcesBuildPhase section */

/* Begin PBXSourcesBuildPhase section */
		BF78458D218C30F0003C60BC /* Sources */ = {
			isa = PBXSourcesBuildPhase;
			buildActionMask = 2147483647;
			files = (
				BF78459D218C30F0003C60BC /* Radio_Rodja.xcdatamodeld in Sources */,
				BF784597218C30F0003C60BC /* ViewController.swift in Sources */,
				BF784595218C30F0003C60BC /* AppDelegate.swift in Sources */,
			);
			runOnlyForDeploymentPostprocessing = 0;
		};
/* End PBXSourcesBuildPhase section */

/* Begin PBXVariantGroup section */
		BF784598218C30F0003C60BC /* Main.storyboard */ = {
			isa = PBXVariantGroup;
			children = (
				BF784599218C30F0003C60BC /* Base */,
			);
			name = Main.storyboard;
			sourceTree = "<group>";
		};
		BF7845A0218C30F0003C60BC /* LaunchScreen.storyboard */ = {
			isa = PBXVariantGroup;
			children = (
				BF7845A1218C30F0003C60BC /* Base */,
			);
			name = LaunchScreen.storyboard;
			sourceTree = "<group>";
		};
/* End PBXVariantGroup section */

/* Begin XCBuildConfiguration section */
		BF7845A4218C30F0003C60BC /* Debug */ = {
			isa = XCBuildConfiguration;
			buildSettings = {
				ALWAYS_SEARCH_USER_PATHS = NO;
				CLANG_ANALYZER_NONNULL = YES;
				CLANG_ANALYZER_NUMBER_OBJECT_CONVERSION = YES_AGGRESSIVE;
				CLANG_CXX_LANGUAGE_STANDARD = "gnu++14";
				CLANG_CXX_LIBRARY = "libc++";
				CLANG_ENABLE_MODULES = YES;
				CLANG_ENABLE_OBJC_ARC = YES;
				CLANG_WARN_BLOCK_CAPTURE_AUTORELEASING = YES;
				CLANG_WARN_BOOL_CONVERSION = YES;
				CLANG_WARN_COMMA = YES;
				CLANG_WARN_CONSTANT_CONVERSION = YES;
				CLANG_WARN_DIRECT_OBJC_ISA_USAGE = YES_ERROR;
				CLANG_WARN_DOCUMENTATION_COMMENTS = YES;
				CLANG_WARN_EMPTY_BODY = YES;
				CLANG_WARN_ENUM_CONVERSION = YES;
				CLANG_WARN_INFINITE_RECURSION = YES;
				CLANG_WARN_INT_CONVERSION = YES;
				CLANG_WARN_NON_LITERAL_NULL_CONVERSION = YES;
				CLANG_WARN_OBJC_LITERAL_CONVERSION = YES;
				CLANG_WARN_OBJC_ROOT_CLASS = YES_ERROR;
				CLANG_WARN_RANGE_LOOP_ANALYSIS = YES;
				CLANG_WARN_STRICT_PROTOTYPES = YES;
				CLANG_WARN_SUSPICIOUS_MOVE = YES;
				CLANG_WARN_UNGUARDED_AVAILABILITY = YES_AGGRESSIVE;
				CLANG_WARN_UNREACHABLE_CODE = YES;
				CLANG_WARN__DUPLICATE_METHOD_MATCH = YES;
				CODE_SIGN_IDENTITY = "iPhone Developer";
				COPY_PHASE_STRIP = NO;
				DEBUG_INFORMATION_FORMAT = dwarf;
				ENABLE_STRICT_OBJC_MSGSEND = YES;
				ENABLE_TESTABILITY = YES;
				GCC_C_LANGUAGE_STANDARD = gnu11;
				GCC_DYNAMIC_NO_PIC = NO;
				GCC_NO_COMMON_BLOCKS = YES;
				GCC_OPTIMIZATION_LEVEL = 0;
				GCC_PREPROCESSOR_DEFINITIONS = (
					"DEBUG=1",
					"$(inherited)",
				);
				GCC_WARN_64_TO_32_BIT_CONVERSION = YES;
				GCC_WARN_ABOUT_RETURN_TYPE = YES_ERROR;
				GCC_WARN_UNDECLARED_SELECTOR = YES;
				GCC_WARN_UNINITIALIZED_AUTOS = YES_AGGRESSIVE;
				GCC_WARN_UNUSED_FUNCTION = YES;
				GCC_WARN_UNUSED_VARIABLE = YES;
				IPHONEOS_DEPLOYMENT_TARGET = 11.2;
				MTL_ENABLE_DEBUG_INFO = YES;
				ONLY_ACTIVE_ARCH = YES;
				SDKROOT = iphoneos;
				SWIFT_ACTIVE_COMPILATION_CONDITIONS = DEBUG;
				SWIFT_OPTIMIZATION_LEVEL = "-Onone";
			};
			name = Debug;
		};
		BF7845A5218C30F0003C60BC /* Release */ = {
			isa = XCBuildConfiguration;
			buildSettings = {
				ALWAYS_SEARCH_USER_PATHS = NO;
				CLANG_ANALYZER_NONNULL = YES;
				CLANG_ANALYZER_NUMBER_OBJECT_CONVERSION = YES_AGGRESSIVE;
				CLANG_CXX_LANGUAGE_STANDARD = "gnu++14";
				CLANG_CXX_LIBRARY = "libc++";
				CLANG_ENABLE_MODULES = YES;
				CLANG_ENABLE_OBJC_ARC = YES;
				CLANG_WARN_BLOCK_CAPTURE_AUTORELEASING = YES;
				CLANG_WARN_BOOL_CONVERSION = YES;
				CLANG_WARN_COMMA = YES;
				CLANG_WARN_CONSTANT_CONVERSION = YES;
				CLANG_WARN_DIRECT_OBJC_ISA_USAGE = YES_ERROR;
				CLANG_WARN_DOCUMENTATION_COMMENTS = YES;
				CLANG_WARN_EMPTY_BODY = YES;
				CLANG_WARN_ENUM_CONVERSION = YES;
				CLANG_WARN_INFINITE_RECURSION = YES;
				CLANG_WARN_INT_CONVERSION = YES;
				CLANG_WARN_NON_LITERAL_NULL_CONVERSION = YES;
				CLANG_WARN_OBJC_LITERAL_CONVERSION = YES;
				CLANG_WARN_OBJC_ROOT_CLASS = YES_ERROR;
				CLANG_WARN_RANGE_LOOP_ANALYSIS = YES;
				CLANG_WARN_STRICT_PROTOTYPES = YES;
				CLANG_WARN_SUSPICIOUS_MOVE = YES;
				CLANG_WARN_UNGUARDED_AVAILABILITY = YES_AGGRESSIVE;
				CLANG_WARN_UNREACHABLE_CODE = YES;
				CLANG_WARN__DUPLICATE_METHOD_MATCH = YES;
				CODE_SIGN_IDENTITY = "iPhone Developer";
				COPY_PHASE_STRIP = NO;
				DEBUG_INFORMATION_FORMAT = "dwarf-with-dsym";
				ENABLE_NS_ASSERTIONS = NO;
				ENABLE_STRICT_OBJC_MSGSEND = YES;
				GCC_C_LANGUAGE_STANDARD = gnu11;
				GCC_NO_COMMON_BLOCKS = YES;
				GCC_WARN_64_TO_32_BIT_CONVERSION = YES;
				GCC_WARN_ABOUT_RETURN_TYPE = YES_ERROR;
				GCC_WARN_UNDECLARED_SELECTOR = YES;
				GCC_WARN_UNINITIALIZED_AUTOS = YES_AGGRESSIVE;
				GCC_WARN_UNUSED_FUNCTION = YES;
				GCC_WARN_UNUSED_VARIABLE = YES;
				IPHONEOS_DEPLOYMENT_TARGET = 11.2;
				MTL_ENABLE_DEBUG_INFO = NO;
				SDKROOT = iphoneos;
				SWIFT_OPTIMIZATION_LEVEL = "-Owholemodule";
				VALIDATE_PRODUCT = YES;
			};
			name = Release;
		};
		BF7845A7218C30F0003C60BC /* Debug */ = {
			isa = XCBuildConfiguration;
			buildSettings = {
				ASSETCATALOG_COMPILER_APPICON_NAME = AppIcon;
				CODE_SIGN_STYLE = Automatic;
				INFOPLIST_FILE = "Radio Rodja/Info.plist";
				LD_RUNPATH_SEARCH_PATHS = "$(inherited) @executable_path/Frameworks";
				PRODUCT_BUNDLE_IDENTIFIER = "syamsorg.Radio-Rodja";
				PRODUCT_NAME = "$(TARGET_NAME)";
				SWIFT_VERSION = 4.0;
				TARGETED_DEVICE_FAMILY = "1,2";
			};
			name = Debug;
		};
		BF7845A8218C30F0003C60BC /* Release */ = {
			isa = XCBuildConfiguration;
			buildSettings = {
				ASSETCATALOG_COMPILER_APPICON_NAME = AppIcon;
				CODE_SIGN_STYLE = Automatic;
				INFOPLIST_FILE = "Radio Rodja/Info.plist";
				LD_RUNPATH_SEARCH_PATHS = "$(inherited) @executable_path/Frameworks";
				PRODUCT_BUNDLE_IDENTIFIER = "syamsorg.Radio-Rodja";
				PRODUCT_NAME = "$(TARGET_NAME)";
				SWIFT_VERSION = 4.0;
				TARGETED_DEVICE_FAMILY = "1,2";
			};
			name = Release;
		};
/* End XCBuildConfiguration section */

/* Begin XCConfigurationList section */
		BF78458C218C30F0003C60BC /* Build configuration list for PBXProject "Radio Rodja" */ = {
			isa = XCConfigurationList;
			buildConfigurations = (
				BF7845A4218C30F0003C60BC /* Debug */,
				BF7845A5218C30F0003C60BC /* Release */,
			);
			defaultConfigurationIsVisible = 0;
			defaultConfigurationName = Release;
		};
		BF7845A6218C30F0003C60BC /* Build configuration list for PBXNativeTarget "Radio Rodja" */ = {
			isa = XCConfigurationList;
			buildConfigurations = (
				BF7845A7218C30F0003C60BC /* Debug */,
				BF7845A8218C30F0003C60BC /* Release */,
			);
			defaultConfigurationIsVisible = 0;
			defaultConfigurationName = Release;
		};
/* End XCConfigurationList section */

/* Begin XCVersionGroup section */
		BF78459B218C30F0003C60BC /* Radio_Rodja.xcdatamodeld */ = {
			isa = XCVersionGroup;
			children = (
				BF78459C218C30F0003C60BC /* Radio_Rodja.xcdatamodel */,
			);
			currentVersion = BF78459C218C30F0003C60BC /* Radio_Rodja.xcdatamodel */;
			path = Radio_Rodja.xcdatamodeld;
			sourceTree = "<group>";
			versionGroupType = wrapper.xcdatamodel;
		};
/* End XCVersionGroup section */
	};
	rootObject = BF784589218C30F0003C60BC /* Project object */;
}
